
Microsoft Visual Studio Solution File, Format Version 12.00
# Visual Studio Version 16
VisualStudioVersion = 16.0.29911.84
MinimumVisualStudioVersion = 10.0.40219.1
Project("{FAE04EC0-301F-11D3-BF4B-00C04F79EFBC}") = "kNN", "kNN\kNN.csproj", "{3038922B-5A33-4328-A7B4-4C0F06F1935A}"
EndProject
Global
	GlobalSection(SolutionConfigurationPlatforms) = preSolution
		Debug|Any CPU = Debug|Any CPU
		Release|Any CPU = Release|Any CPU
	EndGlobalSection
	GlobalSection(ProjectConfigurationPlatforms) = postSolution
		{3038922B-5A33-4328-A7B4-4C0F06F1935A}.Debug|Any CPU.ActiveCfg = Debug|Any CPU
		{3038922B-5A33-4328-A7B4-4C0F06F1935A}.Debug|Any CPU.Build.0 = Debug|Any CPU
		{3038922B-5A33-4328-A7B4-4C0F06F1935A}.Release|Any CPU.ActiveCfg = Release|Any CPU
		{3038922B-5A33-4328-A7B4-4C0F06F1935A}.Release|Any CPU.Build.0 = Release|Any CPU
	EndGlobalSection
	GlobalSection(SolutionProperties) = preSolution
		HideSolutionNode = FALSE
	EndGlobalSection
	GlobalSection(ExtensibilityGlobals) = postSolution
		SolutionGuid = {00970CF4-6716-4A15-9782-5A57E325448F}
	EndGlobalSection
EndGlobal
